
Microsoft Visual Studio Solution File, Format Version 12.00
# Visual Studio Version 17
VisualStudioVersion = 17.4.33006.217
MinimumVisualStudioVersion = 10.0.40219.1
Project("{9A19103F-16F7-4668-BE54-9A1E7A4F7556}") = "numeroUno", "numeroUno\numeroUno.csproj", "{1B8DDB93-EAB3-4395-9B7F-28CCD54B397B}"
EndProject
Project("{9A19103F-16F7-4668-BE54-9A1E7A4F7556}") = "VeldridStuff", "VeldridStuff\VeldridStuff.csproj", "{A745EEFC-FF06-4F17-9783-60B0D34906B9}"
EndProject
Project("{9A19103F-16F7-4668-BE54-9A1E7A4F7556}") = "MauiApp1", "MauiApp1\MauiApp1.csproj", "{C7285CBB-C6E3-4A58-BF4F-A8AB1DD5108A}"
EndProject
Project("{9A19103F-16F7-4668-BE54-9A1E7A4F7556}") = "SilkNet", "SilkNet\SilkNet.csproj", "{A9ACD1B9-E8FD-41B0-92F8-9AD7F5F9B676}"
EndProject
Project("{9A19103F-16F7-4668-BE54-9A1E7A4F7556}") = "Learning_SFML", "Learning_SFML\Learning_SFML.csproj", "{228ED34F-C9BD-484D-8BC8-32B00C05DC05}"
EndProject
Project("{FAE04EC0-301F-11D3-BF4B-00C04F79EFBC}") = "FNA_Learning", "FNA_Learning\FNA_Learning.csproj", "{CFF11A20-CDCE-4651-92A2-46A900F6467D}"
EndProject
Project("{9A19103F-16F7-4668-BE54-9A1E7A4F7556}") = "FNA.Core", "E:\Dev\FNA\FNA\FNA.Core.csproj", "{0C0C6E7F-DB92-485C-9842-7A2A1B274BB6}"
EndProject
Global
	GlobalSection(SolutionConfigurationPlatforms) = preSolution
		Debug|Any CPU = Debug|Any CPU
		Debug|x64 = Debug|x64
		Debug|x86 = Debug|x86
		Release|Any CPU = Release|Any CPU
		Release|x64 = Release|x64
		Release|x86 = Release|x86
	EndGlobalSection
	GlobalSection(ProjectConfigurationPlatforms) = postSolution
		{1B8DDB93-EAB3-4395-9B7F-28CCD54B397B}.Debug|Any CPU.ActiveCfg = Debug|Any CPU
		{1B8DDB93-EAB3-4395-9B7F-28CCD54B397B}.Debug|Any CPU.Build.0 = Debug|Any CPU
		{1B8DDB93-EAB3-4395-9B7F-28CCD54B397B}.Debug|x64.ActiveCfg = Debug|Any CPU
		{1B8DDB93-EAB3-4395-9B7F-28CCD54B397B}.Debug|x64.Build.0 = Debug|Any CPU
		{1B8DDB93-EAB3-4395-9B7F-28CCD54B397B}.Debug|x86.ActiveCfg = Debug|Any CPU
		{1B8DDB93-EAB3-4395-9B7F-28CCD54B397B}.Debug|x86.Build.0 = Debug|Any CPU
		{1B8DDB93-EAB3-4395-9B7F-28CCD54B397B}.Release|Any CPU.ActiveCfg = Release|Any CPU
		{1B8DDB93-EAB3-4395-9B7F-28CCD54B397B}.Release|Any CPU.Build.0 = Release|Any CPU
		{1B8DDB93-EAB3-4395-9B7F-28CCD54B397B}.Release|x64.ActiveCfg = Release|Any CPU
		{1B8DDB93-EAB3-4395-9B7F-28CCD54B397B}.Release|x64.Build.0 = Release|Any CPU
		{1B8DDB93-EAB3-4395-9B7F-28CCD54B397B}.Release|x86.ActiveCfg = Release|Any CPU
		{1B8DDB93-EAB3-4395-9B7F-28CCD54B397B}.Release|x86.Build.0 = Release|Any CPU
		{A745EEFC-FF06-4F17-9783-60B0D34906B9}.Debug|Any CPU.ActiveCfg = Debug|Any CPU
		{A745EEFC-FF06-4F17-9783-60B0D34906B9}.Debug|Any CPU.Build.0 = Debug|Any CPU
		{A745EEFC-FF06-4F17-9783-60B0D34906B9}.Debug|x64.ActiveCfg = Debug|Any CPU
		{A745EEFC-FF06-4F17-9783-60B0D34906B9}.Debug|x64.Build.0 = Debug|Any CPU
		{A745EEFC-FF06-4F17-9783-60B0D34906B9}.Debug|x86.ActiveCfg = Debug|Any CPU
		{A745EEFC-FF06-4F17-9783-60B0D34906B9}.Debug|x86.Build.0 = Debug|Any CPU
		{A745EEFC-FF06-4F17-9783-60B0D34906B9}.Release|Any CPU.ActiveCfg = Release|Any CPU
		{A745EEFC-FF06-4F17-9783-60B0D34906B9}.Release|Any CPU.Build.0 = Release|Any CPU
		{A745EEFC-FF06-4F17-9783-60B0D34906B9}.Release|x64.ActiveCfg = Release|Any CPU
		{A745EEFC-FF06-4F17-9783-60B0D34906B9}.Release|x64.Build.0 = Release|Any CPU
		{A745EEFC-FF06-4F17-9783-60B0D34906B9}.Release|x86.ActiveCfg = Release|Any CPU
		{A745EEFC-FF06-4F17-9783-60B0D34906B9}.Release|x86.Build.0 = Release|Any CPU
		{C7285CBB-C6E3-4A58-BF4F-A8AB1DD5108A}.Debug|Any CPU.ActiveCfg = Debug|Any CPU
		{C7285CBB-C6E3-4A58-BF4F-A8AB1DD5108A}.Debug|Any CPU.Build.0 = Debug|Any CPU
		{C7285CBB-C6E3-4A58-BF4F-A8AB1DD5108A}.Debug|Any CPU.Deploy.0 = Debug|Any CPU
		{C7285CBB-C6E3-4A58-BF4F-A8AB1DD5108A}.Debug|x64.ActiveCfg = Debug|Any CPU
		{C7285CBB-C6E3-4A58-BF4F-A8AB1DD5108A}.Debug|x64.Build.0 = Debug|Any CPU
		{C7285CBB-C6E3-4A58-BF4F-A8AB1DD5108A}.Debug|x64.Deploy.0 = Debug|Any CPU
		{C7285CBB-C6E3-4A58-BF4F-A8AB1DD5108A}.Debug|x86.ActiveCfg = Debug|Any CPU
		{C7285CBB-C6E3-4A58-BF4F-A8AB1DD5108A}.Debug|x86.Build.0 = Debug|Any CPU
		{C7285CBB-C6E3-4A58-BF4F-A8AB1DD5108A}.Debug|x86.Deploy.0 = Debug|Any CPU
		{C7285CBB-C6E3-4A58-BF4F-A8AB1DD5108A}.Release|Any CPU.ActiveCfg = Release|Any CPU
		{C7285CBB-C6E3-4A58-BF4F-A8AB1DD5108A}.Release|Any CPU.Build.0 = Release|Any CPU
		{C7285CBB-C6E3-4A58-BF4F-A8AB1DD5108A}.Release|Any CPU.Deploy.0 = Release|Any CPU
		{C7285CBB-C6E3-4A58-BF4F-A8AB1DD5108A}.Release|x64.ActiveCfg = Release|Any CPU
		{C7285CBB-C6E3-4A58-BF4F-A8AB1DD5108A}.Release|x64.Build.0 = Release|Any CPU
		{C7285CBB-C6E3-4A58-BF4F-A8AB1DD5108A}.Release|x64.Deploy.0 = Release|Any CPU
		{C7285CBB-C6E3-4A58-BF4F-A8AB1DD5108A}.Release|x86.ActiveCfg = Release|Any CPU
		{C7285CBB-C6E3-4A58-BF4F-A8AB1DD5108A}.Release|x86.Build.0 = Release|Any CPU
		{C7285CBB-C6E3-4A58-BF4F-A8AB1DD5108A}.Release|x86.Deploy.0 = Release|Any CPU
		{A9ACD1B9-E8FD-41B0-92F8-9AD7F5F9B676}.Debug|Any CPU.ActiveCfg = Debug|Any CPU
		{A9ACD1B9-E8FD-41B0-92F8-9AD7F5F9B676}.Debug|Any CPU.Build.0 = Debug|Any CPU
		{A9ACD1B9-E8FD-41B0-92F8-9AD7F5F9B676}.Debug|x64.ActiveCfg = Debug|Any CPU
		{A9ACD1B9-E8FD-41B0-92F8-9AD7F5F9B676}.Debug|x64.Build.0 = Debug|Any CPU
		{A9ACD1B9-E8FD-41B0-92F8-9AD7F5F9B676}.Debug|x86.ActiveCfg = Debug|Any CPU
		{A9ACD1B9-E8FD-41B0-92F8-9AD7F5F9B676}.Debug|x86.Build.0 = Debug|Any CPU
		{A9ACD1B9-E8FD-41B0-92F8-9AD7F5F9B676}.Release|Any CPU.ActiveCfg = Release|Any CPU
		{A9ACD1B9-E8FD-41B0-92F8-9AD7F5F9B676}.Release|Any CPU.Build.0 = Release|Any CPU
		{A9ACD1B9-E8FD-41B0-92F8-9AD7F5F9B676}.Release|x64.ActiveCfg = Release|Any CPU
		{A9ACD1B9-E8FD-41B0-92F8-9AD7F5F9B676}.Release|x64.Build.0 = Release|Any CPU
		{A9ACD1B9-E8FD-41B0-92F8-9AD7F5F9B676}.Release|x86.ActiveCfg = Release|Any CPU
		{A9ACD1B9-E8FD-41B0-92F8-9AD7F5F9B676}.Release|x86.Build.0 = Release|Any CPU
		{228ED34F-C9BD-484D-8BC8-32B00C05DC05}.Debug|Any CPU.ActiveCfg = Debug|Any CPU
		{228ED34F-C9BD-484D-8BC8-32B00C05DC05}.Debug|Any CPU.Build.0 = Debug|Any CPU
		{228ED34F-C9BD-484D-8BC8-32B00C05DC05}.Debug|x64.ActiveCfg = Debug|Any CPU
		{228ED34F-C9BD-484D-8BC8-32B00C05DC05}.Debug|x64.Build.0 = Debug|Any CPU
		{228ED34F-C9BD-484D-8BC8-32B00C05DC05}.Debug|x86.ActiveCfg = Debug|Any CPU
		{228ED34F-C9BD-484D-8BC8-32B00C05DC05}.Debug|x86.Build.0 = Debug|Any CPU
		{228ED34F-C9BD-484D-8BC8-32B00C05DC05}.Release|Any CPU.ActiveCfg = Release|Any CPU
		{228ED34F-C9BD-484D-8BC8-32B00C05DC05}.Release|Any CPU.Build.0 = Release|Any CPU
		{228ED34F-C9BD-484D-8BC8-32B00C05DC05}.Release|x64.ActiveCfg = Release|Any CPU
		{228ED34F-C9BD-484D-8BC8-32B00C05DC05}.Release|x64.Build.0 = Release|Any CPU
		{228ED34F-C9BD-484D-8BC8-32B00C05DC05}.Release|x86.ActiveCfg = Release|Any CPU
		{228ED34F-C9BD-484D-8BC8-32B00C05DC05}.Release|x86.Build.0 = Release|Any CPU
		{CFF11A20-CDCE-4651-92A2-46A900F6467D}.Debug|Any CPU.ActiveCfg = Debug|Any CPU
		{CFF11A20-CDCE-4651-92A2-46A900F6467D}.Debug|Any CPU.Build.0 = Debug|Any CPU
		{CFF11A20-CDCE-4651-92A2-46A900F6467D}.Debug|x64.ActiveCfg = Debug|Any CPU
		{CFF11A20-CDCE-4651-92A2-46A900F6467D}.Debug|x64.Build.0 = Debug|Any CPU
		{CFF11A20-CDCE-4651-92A2-46A900F6467D}.Debug|x86.ActiveCfg = Debug|Any CPU
		{CFF11A20-CDCE-4651-92A2-46A900F6467D}.Debug|x86.Build.0 = Debug|Any CPU
		{CFF11A20-CDCE-4651-92A2-46A900F6467D}.Release|Any CPU.ActiveCfg = Release|Any CPU
		{CFF11A20-CDCE-4651-92A2-46A900F6467D}.Release|Any CPU.Build.0 = Release|Any CPU
		{CFF11A20-CDCE-4651-92A2-46A900F6467D}.Release|x64.ActiveCfg = Release|Any CPU
		{CFF11A20-CDCE-4651-92A2-46A900F6467D}.Release|x64.Build.0 = Release|Any CPU
		{CFF11A20-CDCE-4651-92A2-46A900F6467D}.Release|x86.ActiveCfg = Release|Any CPU
		{CFF11A20-CDCE-4651-92A2-46A900F6467D}.Release|x86.Build.0 = Release|Any CPU
		{0C0C6E7F-DB92-485C-9842-7A2A1B274BB6}.Debug|Any CPU.ActiveCfg = Debug|x64
		{0C0C6E7F-DB92-485C-9842-7A2A1B274BB6}.Debug|Any CPU.Build.0 = Debug|x64
		{0C0C6E7F-DB92-485C-9842-7A2A1B274BB6}.Debug|x64.ActiveCfg = Debug|x64
		{0C0C6E7F-DB92-485C-9842-7A2A1B274BB6}.Debug|x64.Build.0 = Debug|x64
		{0C0C6E7F-DB92-485C-9842-7A2A1B274BB6}.Debug|x86.ActiveCfg = Debug|x64
		{0C0C6E7F-DB92-485C-9842-7A2A1B274BB6}.Debug|x86.Build.0 = Debug|x64
		{0C0C6E7F-DB92-485C-9842-7A2A1B274BB6}.Release|Any CPU.ActiveCfg = Release|x64
		{0C0C6E7F-DB92-485C-9842-7A2A1B274BB6}.Release|Any CPU.Build.0 = Release|x64
		{0C0C6E7F-DB92-485C-9842-7A2A1B274BB6}.Release|x64.ActiveCfg = Release|x64
		{0C0C6E7F-DB92-485C-9842-7A2A1B274BB6}.Release|x64.Build.0 = Release|x64
		{0C0C6E7F-DB92-485C-9842-7A2A1B274BB6}.Release|x86.ActiveCfg = Release|x64
		{0C0C6E7F-DB92-485C-9842-7A2A1B274BB6}.Release|x86.Build.0 = Release|x64
	EndGlobalSection
	GlobalSection(SolutionProperties) = preSolution
		HideSolutionNode = FALSE
	EndGlobalSection
	GlobalSection(ExtensibilityGlobals) = postSolution
		SolutionGuid = {BB5DE5ED-D21F-41B6-A737-AA1BC075C9C7}
	EndGlobalSection
EndGlobal
